
Microsoft Visual Studio Solution File, Format Version 12.00
# Visual Studio Version 16
VisualStudioVersion = 16.0.31605.320
MinimumVisualStudioVersion = 10.0.40219.1
Project("{FAE04EC0-301F-11D3-BF4B-00C04F79EFBC}") = "Acounting.App", "Acounting.App\Acounting.App.csproj", "{BBF1CB23-2737-4825-BC21-502E7C9AC538}"
EndProject
Project("{FAE04EC0-301F-11D3-BF4B-00C04F79EFBC}") = "Accounting.DataLayer", "Accounting.DataLayer\Accounting.DataLayer.csproj", "{2B11928B-3D8F-4FCA-AFCD-A66C6CC1D9F5}"
EndProject
Project("{FAE04EC0-301F-11D3-BF4B-00C04F79EFBC}") = "Accounting.ViewModels", "Accounting.ViewModels\Accounting.ViewModels.csproj", "{612246E5-1BF2-422A-8781-CB5CC3CDAB4E}"
EndProject
Project("{FAE04EC0-301F-11D3-BF4B-00C04F79EFBC}") = "Accounting.business", "Accounting.business\Accounting.business.csproj", "{9B7A9482-D3A6-45BE-8FB1-959EEB591A06}"
EndProject
Project("{FAE04EC0-301F-11D3-BF4B-00C04F79EFBC}") = "Accounting.Utility", "Accounting.Utility\Accounting.Utility.csproj", "{BBB4AAF0-7521-49C4-9A6B-7A798989C1C2}"
EndProject
Global
	GlobalSection(SolutionConfigurationPlatforms) = preSolution
		Debug|Any CPU = Debug|Any CPU
		Release|Any CPU = Release|Any CPU
	EndGlobalSection
	GlobalSection(ProjectConfigurationPlatforms) = postSolution
		{BBF1CB23-2737-4825-BC21-502E7C9AC538}.Debug|Any CPU.ActiveCfg = Debug|Any CPU
		{BBF1CB23-2737-4825-BC21-502E7C9AC538}.Debug|Any CPU.Build.0 = Debug|Any CPU
		{BBF1CB23-2737-4825-BC21-502E7C9AC538}.Release|Any CPU.ActiveCfg = Release|Any CPU
		{BBF1CB23-2737-4825-BC21-502E7C9AC538}.Release|Any CPU.Build.0 = Release|Any CPU
		{2B11928B-3D8F-4FCA-AFCD-A66C6CC1D9F5}.Debug|Any CPU.ActiveCfg = Debug|Any CPU
		{2B11928B-3D8F-4FCA-AFCD-A66C6CC1D9F5}.Debug|Any CPU.Build.0 = Debug|Any CPU
		{2B11928B-3D8F-4FCA-AFCD-A66C6CC1D9F5}.Release|Any CPU.ActiveCfg = Release|Any CPU
		{2B11928B-3D8F-4FCA-AFCD-A66C6CC1D9F5}.Release|Any CPU.Build.0 = Release|Any CPU
		{612246E5-1BF2-422A-8781-CB5CC3CDAB4E}.Debug|Any CPU.ActiveCfg = Debug|Any CPU
		{612246E5-1BF2-422A-8781-CB5CC3CDAB4E}.Debug|Any CPU.Build.0 = Debug|Any CPU
		{612246E5-1BF2-422A-8781-CB5CC3CDAB4E}.Release|Any CPU.ActiveCfg = Release|Any CPU
		{612246E5-1BF2-422A-8781-CB5CC3CDAB4E}.Release|Any CPU.Build.0 = Release|Any CPU
		{9B7A9482-D3A6-45BE-8FB1-959EEB591A06}.Debug|Any CPU.ActiveCfg = Debug|Any CPU
		{9B7A9482-D3A6-45BE-8FB1-959EEB591A06}.Debug|Any CPU.Build.0 = Debug|Any CPU
		{9B7A9482-D3A6-45BE-8FB1-959EEB591A06}.Release|Any CPU.ActiveCfg = Release|Any CPU
		{9B7A9482-D3A6-45BE-8FB1-959EEB591A06}.Release|Any CPU.Build.0 = Release|Any CPU
		{BBB4AAF0-7521-49C4-9A6B-7A798989C1C2}.Debug|Any CPU.ActiveCfg = Debug|Any CPU
		{BBB4AAF0-7521-49C4-9A6B-7A798989C1C2}.Debug|Any CPU.Build.0 = Debug|Any CPU
		{BBB4AAF0-7521-49C4-9A6B-7A798989C1C2}.Release|Any CPU.ActiveCfg = Release|Any CPU
		{BBB4AAF0-7521-49C4-9A6B-7A798989C1C2}.Release|Any CPU.Build.0 = Release|Any CPU
	EndGlobalSection
	GlobalSection(SolutionProperties) = preSolution
		HideSolutionNode = FALSE
	EndGlobalSection
	GlobalSection(ExtensibilityGlobals) = postSolution
		SolutionGuid = {B6300717-7340-4409-BF4C-4A6129E3D488}
	EndGlobalSection
EndGlobal
